// !$*UTF8*$!
{
	archiveVersion = 1;
	classes = {
	};
	objectVersion = 46;
	objects = {

/* Begin PBXBuildFile section */
		4174F2161F56ADD20061BA6B /* main.m in Sources */ = {isa = PBXBuildFile; fileRef = 4174F2151F56ADD20061BA6B /* main.m */; };
		4174F2191F56ADD20061BA6B /* AppDelegate.m in Sources */ = {isa = PBXBuildFile; fileRef = 4174F2181F56ADD20061BA6B /* AppDelegate.m */; };
		4174F21C1F56ADD20061BA6B /* ViewController.m in Sources */ = {isa = PBXBuildFile; fileRef = 4174F21B1F56ADD20061BA6B /* ViewController.m */; };
		4174F2211F56ADD20061BA6B /* Assets.xcassets in Resources */ = {isa = PBXBuildFile; fileRef = 4174F2201F56ADD20061BA6B /* Assets.xcassets */; };
		4174F2241F56ADD20061BA6B /* LaunchScreen.storyboard in Resources */ = {isa = PBXBuildFile; fileRef = 4174F2221F56ADD20061BA6B /* LaunchScreen.storyboard */; };
		4174F22D1F56AE140061BA6B /* CustomDatePicker.m in Sources */ = {isa = PBXBuildFile; fileRef = 4174F22C1F56AE140061BA6B /* CustomDatePicker.m */; };
/* End PBXBuildFile section */

/* Begin PBXFileReference section */
		4174F2111F56ADD20061BA6B /* CustomDatePicker.app */ = {isa = PBXFileReference; explicitFileType = wrapper.application; includeInIndex = 0; path = CustomDatePicker.app; sourceTree = BUILT_PRODUCTS_DIR; };
		4174F2151F56ADD20061BA6B /* main.m */ = {isa = PBXFileReference; lastKnownFileType = sourcecode.c.objc; path = main.m; sourceTree = "<group>"; };
		4174F2171F56ADD20061BA6B /* AppDelegate.h */ = {isa = PBXFileReference; lastKnownFileType = sourcecode.c.h; path = AppDelegate.h; sourceTree = "<group>"; };
		4174F2181F56ADD20061BA6B /* AppDelegate.m */ = {isa = PBXFileReference; lastKnownFileType = sourcecode.c.objc; path = AppDelegate.m; sourceTree = "<group>"; };
		4174F21A1F56ADD20061BA6B /* ViewController.h */ = {isa = PBXFileReference; lastKnownFileType = sourcecode.c.h; path = ViewController.h; sourceTree = "<group>"; };
		4174F21B1F56ADD20061BA6B /* ViewController.m */ = {isa = PBXFileReference; lastKnownFileType = sourcecode.c.objc; path = ViewController.m; sourceTree = "<group>"; };
		4174F2201F56ADD20061BA6B /* Assets.xcassets */ = {isa = PBXFileReference; lastKnownFileType = folder.assetcatalog; path = Assets.xcassets; sourceTree = "<group>"; };
		4174F2231F56ADD20061BA6B /* Base */ = {isa = PBXFileReference; lastKnownFileType = file.storyboard; name = Base; path = Base.lproj/LaunchScreen.storyboard; sourceTree = "<group>"; };
		4174F2251F56ADD20061BA6B /* Info.plist */ = {isa = PBXFileReference; lastKnownFileType = text.plist.xml; path = Info.plist; sourceTree = "<group>"; };
		4174F22B1F56AE140061BA6B /* CustomDatePicker.h */ = {isa = PBXFileReference; fileEncoding = 4; lastKnownFileType = sourcecode.c.h; path = CustomDatePicker.h; sourceTree = "<group>"; };
		4174F22C1F56AE140061BA6B /* CustomDatePicker.m */ = {isa = PBXFileReference; fileEncoding = 4; lastKnownFileType = sourcecode.c.objc; path = CustomDatePicker.m; sourceTree = "<group>"; };
/* End PBXFileReference section */

/* Begin PBXFrameworksBuildPhase section */
		4174F20E1F56ADD20061BA6B /* Frameworks */ = {
			isa = PBXFrameworksBuildPhase;
			buildActionMask = 2147483647;
			files = (
			);
			runOnlyForDeploymentPostprocessing = 0;
		};
/* End PBXFrameworksBuildPhase section */

/* Begin PBXGroup section */
		4174F2081F56ADD20061BA6B = {
			isa = PBXGroup;
			children = (
				4174F2131F56ADD20061BA6B /* CustomDatePicker */,
				4174F2121F56ADD20061BA6B /* Products */,
			);
			sourceTree = "<group>";
		};
		4174F2121F56ADD20061BA6B /* Products */ = {
			isa = PBXGroup;
			children = (
				4174F2111F56ADD20061BA6B /* CustomDatePicker.app */,
			);
			name = Products;
			sourceTree = "<group>";
		};
		4174F2131F56ADD20061BA6B /* CustomDatePicker */ = {
			isa = PBXGroup;
			children = (
				4174F21A1F56ADD20061BA6B /* ViewController.h */,
				4174F21B1F56ADD20061BA6B /* ViewController.m */,
				4174F22B1F56AE140061BA6B /* CustomDatePicker.h */,
				4174F22C1F56AE140061BA6B /* CustomDatePicker.m */,
				4174F2141F56ADD20061BA6B /* Supporting Files */,
			);
			path = CustomDatePicker;
			sourceTree = "<group>";
		};
		4174F2141F56ADD20061BA6B /* Supporting Files */ = {
			isa = PBXGroup;
			children = (
				4174F2171F56ADD20061BA6B /* AppDelegate.h */,
				4174F2181F56ADD20061BA6B /* AppDelegate.m */,
				4174F2201F56ADD20061BA6B /* Assets.xcassets */,
				4174F2221F56ADD20061BA6B /* LaunchScreen.storyboard */,
				4174F2251F56ADD20061BA6B /* Info.plist */,
				4174F2151F56ADD20061BA6B /* main.m */,
			);
			name = "Supporting Files";
			sourceTree = "<group>";
		};
/* End PBXGroup section */

/* Begin PBXNativeTarget section */
		4174F2101F56ADD20061BA6B /* CustomDatePicker */ = {
			isa = PBXNativeTarget;
			buildConfigurationList = 4174F2281F56ADD20061BA6B /* Build configuration list for PBXNativeTarget "CustomDatePicker" */;
			buildPhases = (
				4174F20D1F56ADD20061BA6B /* Sources */,
				4174F20E1F56ADD20061BA6B /* Frameworks */,
				4174F20F1F56ADD20061BA6B /* Resources */,
			);
			buildRules = (
			);
			dependencies = (
			);
			name = CustomDatePicker;
			productName = CustomDatePicker;
			productReference = 4174F2111F56ADD20061BA6B /* CustomDatePicker.app */;
			productType = "com.apple.product-type.application";
		};
/* End PBXNativeTarget section */

/* Begin PBXProject section */
		4174F2091F56ADD20061BA6B /* Project object */ = {
			isa = PBXProject;
			attributes = {
				LastUpgradeCheck = 0830;
				ORGANIZATIONNAME = "罗孟辉";
				TargetAttributes = {
					4174F2101F56ADD20061BA6B = {
						CreatedOnToolsVersion = 8.3.3;
						DevelopmentTeam = 99734UMVYU;
						ProvisioningStyle = Automatic;
					};
				};
			};
			buildConfigurationList = 4174F20C1F56ADD20061BA6B /* Build configuration list for PBXProject "CustomDatePicker" */;
			compatibilityVersion = "Xcode 3.2";
			developmentRegion = English;
			hasScannedForEncodings = 0;
			knownRegions = (
				en,
				Base,
			);
			mainGroup = 4174F2081F56ADD20061BA6B;
			productRefGroup = 4174F2121F56ADD20061BA6B /* Products */;
			projectDirPath = "";
			projectRoot = "";
			targets = (
				4174F2101F56ADD20061BA6B /* CustomDatePicker */,
			);
		};
/* End PBXProject section */

/* Begin PBXResourcesBuildPhase section */
		4174F20F1F56ADD20061BA6B /* Resources */ = {
			isa = PBXResourcesBuildPhase;
			buildActionMask = 2147483647;
			files = (
				4174F2241F56ADD20061BA6B /* LaunchScreen.storyboard in Resources */,
				4174F2211F56ADD20061BA6B /* Assets.xcassets in Resources */,
			);
			runOnlyForDeploymentPostprocessing = 0;
		};
/* End PBXResourcesBuildPhase section */

/* Begin PBXSourcesBuildPhase section */
		4174F20D1F56ADD20061BA6B /* Sources */ = {
			isa = PBXSourcesBuildPhase;
			buildActionMask = 2147483647;
			files = (
				4174F22D1F56AE140061BA6B /* CustomDatePicker.m in Sources */,
				4174F21C1F56ADD20061BA6B /* ViewController.m in Sources */,
				4174F2191F56ADD20061BA6B /* AppDelegate.m in Sources */,
				4174F2161F56ADD20061BA6B /* main.m in Sources */,
			);
			runOnlyForDeploymentPostprocessing = 0;
		};
/* End PBXSourcesBuildPhase section */

/* Begin PBXVariantGroup section */
		4174F2221F56ADD20061BA6B /* LaunchScreen.storyboard */ = {
			isa = PBXVariantGroup;
			children = (
				4174F2231F56ADD20061BA6B /* Base */,
			);
			name = LaunchScreen.storyboard;
			sourceTree = "<group>";
		};
/* End PBXVariantGroup section */

/* Begin XCBuildConfiguration section */
		4174F2261F56ADD20061BA6B /* Debug */ = {
			isa = XCBuildConfiguration;
			buildSettings = {
				ALWAYS_SEARCH_USER_PATHS = NO;
				CLANG_ANALYZER_NONNULL = YES;
				CLANG_ANALYZER_NUMBER_OBJECT_CONVERSION = YES_AGGRESSIVE;
				CLANG_CXX_LANGUAGE_STANDARD = "gnu++0x";
				CLANG_CXX_LIBRARY = "libc++";
				CLANG_ENABLE_MODULES = YES;
				CLANG_ENABLE_OBJC_ARC = YES;
				CLANG_WARN_BOOL_CONVERSION = YES;
				CLANG_WARN_CONSTANT_CONVERSION = YES;
				CLANG_WARN_DIRECT_OBJC_ISA_USAGE = YES_ERROR;
				CLANG_WARN_DOCUMENTATION_COMMENTS = YES;
				CLANG_WARN_EMPTY_BODY = YES;
				CLANG_WARN_ENUM_CONVERSION = YES;
				CLANG_WARN_INFINITE_RECURSION = YES;
				CLANG_WARN_INT_CONVERSION = YES;
				CLANG_WARN_OBJC_ROOT_CLASS = YES_ERROR;
				CLANG_WARN_SUSPICIOUS_MOVE = YES;
				CLANG_WARN_UNREACHABLE_CODE = YES;
				CLANG_WARN__DUPLICATE_METHOD_MATCH = YES;
				"CODE_SIGN_IDENTITY[sdk=iphoneos*]" = "iPhone Developer";
				COPY_PHASE_STRIP = NO;
				DEBUG_INFORMATION_FORMAT = dwarf;
				ENABLE_STRICT_OBJC_MSGSEND = YES;
				ENABLE_TESTABILITY = YES;
				GCC_C_LANGUAGE_STANDARD = gnu99;
				GCC_DYNAMIC_NO_PIC = NO;
				GCC_NO_COMMON_BLOCKS = YES;
				GCC_OPTIMIZATION_LEVEL = 0;
				GCC_PREPROCESSOR_DEFINITIONS = (
					"DEBUG=1",
					"$(inherited)",
				);
				GCC_WARN_64_TO_32_BIT_CONVERSION = YES;
				GCC_WARN_ABOUT_RETURN_TYPE = YES_ERROR;
				GCC_WARN_UNDECLARED_SELECTOR = YES;
				GCC_WARN_UNINITIALIZED_AUTOS = YES_AGGRESSIVE;
				GCC_WARN_UNUSED_FUNCTION = YES;
				GCC_WARN_UNUSED_VARIABLE = YES;
				IPHONEOS_DEPLOYMENT_TARGET = 10.3;
				MTL_ENABLE_DEBUG_INFO = YES;
				ONLY_ACTIVE_ARCH = YES;
				SDKROOT = iphoneos;
				TARGETED_DEVICE_FAMILY = "1,2";
			};
			name = Debug;
		};
		4174F2271F56ADD20061BA6B /* Release */ = {
			isa = XCBuildConfiguration;
			buildSettings = {
				ALWAYS_SEARCH_USER_PATHS = NO;
				CLANG_ANALYZER_NONNULL = YES;
				CLANG_ANALYZER_NUMBER_OBJECT_CONVERSION = YES_AGGRESSIVE;
				CLANG_CXX_LANGUAGE_STANDARD = "gnu++0x";
				CLANG_CXX_LIBRARY = "libc++";
				CLANG_ENABLE_MODULES = YES;
				CLANG_ENABLE_OBJC_ARC = YES;
				CLANG_WARN_BOOL_CONVERSION = YES;
				CLANG_WARN_CONSTANT_CONVERSION = YES;
				CLANG_WARN_DIRECT_OBJC_ISA_USAGE = YES_ERROR;
				CLANG_WARN_DOCUMENTATION_COMMENTS = YES;
				CLANG_WARN_EMPTY_BODY = YES;
				CLANG_WARN_ENUM_CONVERSION = YES;
				CLANG_WARN_INFINITE_RECURSION = YES;
				CLANG_WARN_INT_CONVERSION = YES;
				CLANG_WARN_OBJC_ROOT_CLASS = YES_ERROR;
				CLANG_WARN_SUSPICIOUS_MOVE = YES;
				CLANG_WARN_UNREACHABLE_CODE = YES;
				CLANG_WARN__DUPLICATE_METHOD_MATCH = YES;
				"CODE_SIGN_IDENTITY[sdk=iphoneos*]" = "iPhone Developer";
				COPY_PHASE_STRIP = NO;
				DEBUG_INFORMATION_FORMAT = "dwarf-with-dsym";
				ENABLE_NS_ASSERTIONS = NO;
				ENABLE_STRICT_OBJC_MSGSEND = YES;
				GCC_C_LANGUAGE_STANDARD = gnu99;
				GCC_NO_COMMON_BLOCKS = YES;
				GCC_WARN_64_TO_32_BIT_CONVERSION = YES;
				GCC_WARN_ABOUT_RETURN_TYPE = YES_ERROR;
				GCC_WARN_UNDECLARED_SELECTOR = YES;
				GCC_WARN_UNINITIALIZED_AUTOS = YES_AGGRESSIVE;
				GCC_WARN_UNUSED_FUNCTION = YES;
				GCC_WARN_UNUSED_VARIABLE = YES;
				IPHONEOS_DEPLOYMENT_TARGET = 10.3;
				MTL_ENABLE_DEBUG_INFO = NO;
				SDKROOT = iphoneos;
				TARGETED_DEVICE_FAMILY = "1,2";
				VALIDATE_PRODUCT = YES;
			};
			name = Release;
		};
		4174F2291F56ADD20061BA6B /* Debug */ = {
			isa = XCBuildConfiguration;
			buildSettings = {
				ASSETCATALOG_COMPILER_APPICON_NAME = AppIcon;
				DEVELOPMENT_TEAM = 99734UMVYU;
				INFOPLIST_FILE = CustomDatePicker/Info.plist;
				LD_RUNPATH_SEARCH_PATHS = "$(inherited) @executable_path/Frameworks";
				PRODUCT_BUNDLE_IDENTIFIER = com.luomenghui.CustomDatePicker;
				PRODUCT_NAME = "$(TARGET_NAME)";
			};
			name = Debug;
		};
		4174F22A1F56ADD20061BA6B /* Release */ = {
			isa = XCBuildConfiguration;
			buildSettings = {
				ASSETCATALOG_COMPILER_APPICON_NAME = AppIcon;
				DEVELOPMENT_TEAM = 99734UMVYU;
				INFOPLIST_FILE = CustomDatePicker/Info.plist;
				LD_RUNPATH_SEARCH_PATHS = "$(inherited) @executable_path/Frameworks";
				PRODUCT_BUNDLE_IDENTIFIER = com.luomenghui.CustomDatePicker;
				PRODUCT_NAME = "$(TARGET_NAME)";
			};
			name = Release;
		};
/* End XCBuildConfiguration section */

/* Begin XCConfigurationList section */
		4174F20C1F56ADD20061BA6B /* Build configuration list for PBXProject "CustomDatePicker" */ = {
			isa = XCConfigurationList;
			buildConfigurations = (
				4174F2261F56ADD20061BA6B /* Debug */,
				4174F2271F56ADD20061BA6B /* Release */,
			);
			defaultConfigurationIsVisible = 0;
			defaultConfigurationName = Release;
		};
		4174F2281F56ADD20061BA6B /* Build configuration list for PBXNativeTarget "CustomDatePicker" */ = {
			isa = XCConfigurationList;
			buildConfigurations = (
				4174F2291F56ADD20061BA6B /* Debug */,
				4174F22A1F56ADD20061BA6B /* Release */,
			);
			defaultConfigurationIsVisible = 0;
			defaultConfigurationName = Release;
		};
/* End XCConfigurationList section */
	};
	rootObject = 4174F2091F56ADD20061BA6B /* Project object */;
}
